// !$*UTF8*$!
{
	archiveVersion = 1;
	classes = {
	};
	objectVersion = 46;
	objects = {

/* Begin PBXBuildFile section */
		2A3CC6AC1CF3A2E000877215 /* LinkedList.m in Sources */ = {isa = PBXBuildFile; fileRef = 2A3CC6A81CF3A2E000877215 /* LinkedList.m */; };
		2A3CC6AD1CF3A2E000877215 /* LinkedListNode.m in Sources */ = {isa = PBXBuildFile; fileRef = 2A3CC6AA1CF3A2E000877215 /* LinkedListNode.m */; };
		2A3CC6B11CF4AF0E00877215 /* ButtonCell.m in Sources */ = {isa = PBXBuildFile; fileRef = 2A3CC6AF1CF4AF0E00877215 /* ButtonCell.m */; };
		2A3CC6B21CF4AF0E00877215 /* ButtonCell.xib in Resources */ = {isa = PBXBuildFile; fileRef = 2A3CC6B01CF4AF0E00877215 /* ButtonCell.xib */; };
		2A9812971CF65279005CB91C /* arrow.png in Resources */ = {isa = PBXBuildFile; fileRef = 2A9812961CF65279005CB91C /* arrow.png */; };
		2AB5ADA11CEFF97400E9BB0F /* main.m in Sources */ = {isa = PBXBuildFile; fileRef = 2AB5ADA01CEFF97400E9BB0F /* main.m */; };
		2AB5ADA41CEFF97400E9BB0F /* AppDelegate.m in Sources */ = {isa = PBXBuildFile; fileRef = 2AB5ADA31CEFF97400E9BB0F /* AppDelegate.m */; };
		2AB5ADA71CEFF97400E9BB0F /* ViewController.m in Sources */ = {isa = PBXBuildFile; fileRef = 2AB5ADA61CEFF97400E9BB0F /* ViewController.m */; };
		2AB5ADAA1CEFF97400E9BB0F /* Main.storyboard in Resources */ = {isa = PBXBuildFile; fileRef = 2AB5ADA81CEFF97400E9BB0F /* Main.storyboard */; };
		2AB5ADAC1CEFF97400E9BB0F /* Assets.xcassets in Resources */ = {isa = PBXBuildFile; fileRef = 2AB5ADAB1CEFF97400E9BB0F /* Assets.xcassets */; };
		2AB5ADAF1CEFF97400E9BB0F /* LaunchScreen.storyboard in Resources */ = {isa = PBXBuildFile; fileRef = 2AB5ADAD1CEFF97400E9BB0F /* LaunchScreen.storyboard */; };
		2AB5ADBA1CEFF97400E9BB0F /* Neighborhood_Mapper_ObjCTests.m in Sources */ = {isa = PBXBuildFile; fileRef = 2AB5ADB91CEFF97400E9BB0F /* Neighborhood_Mapper_ObjCTests.m */; };
		2AB5ADC51CEFF97400E9BB0F /* Neighborhood_Mapper_ObjCUITests.m in Sources */ = {isa = PBXBuildFile; fileRef = 2AB5ADC41CEFF97400E9BB0F /* Neighborhood_Mapper_ObjCUITests.m */; };
		2AB5ADD41CEFF9AA00E9BB0F /* LocationManager.m in Sources */ = {isa = PBXBuildFile; fileRef = 2AB5ADD31CEFF9AA00E9BB0F /* LocationManager.m */; };
		2AB5ADD61CEFF9E700E9BB0F /* CoreLocation.framework in Frameworks */ = {isa = PBXBuildFile; fileRef = 2AB5ADD51CEFF9E700E9BB0F /* CoreLocation.framework */; };
		2AB5ADDA1CF014BD00E9BB0F /* SurveyViewController.m in Sources */ = {isa = PBXBuildFile; fileRef = 2AB5ADD81CF014BD00E9BB0F /* SurveyViewController.m */; };
		2AB5ADDB1CF014BD00E9BB0F /* SurveyViewController.xib in Resources */ = {isa = PBXBuildFile; fileRef = 2AB5ADD91CF014BD00E9BB0F /* SurveyViewController.xib */; };
		2ABFE4841CFA291000B42CD6 /* DebugConsoleViewController.m in Sources */ = {isa = PBXBuildFile; fileRef = 2ABFE4821CFA291000B42CD6 /* DebugConsoleViewController.m */; };
		2ABFE4851CFA291000B42CD6 /* DebugConsoleViewController.xib in Resources */ = {isa = PBXBuildFile; fileRef = 2ABFE4831CFA291000B42CD6 /* DebugConsoleViewController.xib */; };
		2AEA404A1CF278030059F7DB /* PingSurveyViewController.m in Sources */ = {isa = PBXBuildFile; fileRef = 2AEA40481CF278030059F7DB /* PingSurveyViewController.m */; };
		2AEA404B1CF278030059F7DB /* PingSurveyViewController.xib in Resources */ = {isa = PBXBuildFile; fileRef = 2AEA40491CF278030059F7DB /* PingSurveyViewController.xib */; };
/* End PBXBuildFile section */

/* Begin PBXContainerItemProxy section */
		2AB5ADB61CEFF97400E9BB0F /* PBXContainerItemProxy */ = {
			isa = PBXContainerItemProxy;
			containerPortal = 2AB5AD941CEFF97400E9BB0F /* Project object */;
			proxyType = 1;
			remoteGlobalIDString = 2AB5AD9B1CEFF97400E9BB0F;
			remoteInfo = "Neighborhood Mapper ObjC";
		};
		2AB5ADC11CEFF97400E9BB0F /* PBXContainerItemProxy */ = {
			isa = PBXContainerItemProxy;
			containerPortal = 2AB5AD941CEFF97400E9BB0F /* Project object */;
			proxyType = 1;
			remoteGlobalIDString = 2AB5AD9B1CEFF97400E9BB0F;
			remoteInfo = "Neighborhood Mapper ObjC";
		};
/* End PBXContainerItemProxy section */

/* Begin PBXFileReference section */
		2A3CC6A01CF3A0C500877215 /* Constants.h */ = {isa = PBXFileReference; lastKnownFileType = sourcecode.c.h; path = Constants.h; sourceTree = "<group>"; };
		2A3CC6A71CF3A2E000877215 /* LinkedList.h */ = {isa = PBXFileReference; fileEncoding = 4; lastKnownFileType = sourcecode.c.h; path = LinkedList.h; sourceTree = "<group>"; };
		2A3CC6A81CF3A2E000877215 /* LinkedList.m */ = {isa = PBXFileReference; fileEncoding = 4; lastKnownFileType = sourcecode.c.objc; path = LinkedList.m; sourceTree = "<group>"; };
		2A3CC6A91CF3A2E000877215 /* LinkedListNode.h */ = {isa = PBXFileReference; fileEncoding = 4; lastKnownFileType = sourcecode.c.h; path = LinkedListNode.h; sourceTree = "<group>"; };
		2A3CC6AA1CF3A2E000877215 /* LinkedListNode.m */ = {isa = PBXFileReference; fileEncoding = 4; lastKnownFileType = sourcecode.c.objc; path = LinkedListNode.m; sourceTree = "<group>"; };
		2A3CC6AB1CF3A2E000877215 /* SettableNodePointer.h */ = {isa = PBXFileReference; fileEncoding = 4; lastKnownFileType = sourcecode.c.h; path = SettableNodePointer.h; sourceTree = "<group>"; };
		2A3CC6AE1CF4AF0E00877215 /* ButtonCell.h */ = {isa = PBXFileReference; fileEncoding = 4; lastKnownFileType = sourcecode.c.h; path = ButtonCell.h; sourceTree = "<group>"; };
		2A3CC6AF1CF4AF0E00877215 /* ButtonCell.m */ = {isa = PBXFileReference; fileEncoding = 4; lastKnownFileType = sourcecode.c.objc; path = ButtonCell.m; sourceTree = "<group>"; };
		2A3CC6B01CF4AF0E00877215 /* ButtonCell.xib */ = {isa = PBXFileReference; fileEncoding = 4; lastKnownFileType = file.xib; path = ButtonCell.xib; sourceTree = "<group>"; };
		2A9812961CF65279005CB91C /* arrow.png */ = {isa = PBXFileReference; lastKnownFileType = image.png; path = arrow.png; sourceTree = "<group>"; };
		2A9812981CF65E61005CB91C /* ProtocolHeader.h */ = {isa = PBXFileReference; lastKnownFileType = sourcecode.c.h; path = ProtocolHeader.h; sourceTree = "<group>"; };
		2AB5AD9C1CEFF97400E9BB0F /* Neighborhood Mapper ObjC.app */ = {isa = PBXFileReference; explicitFileType = wrapper.application; includeInIndex = 0; path = "Neighborhood Mapper ObjC.app"; sourceTree = BUILT_PRODUCTS_DIR; };
		2AB5ADA01CEFF97400E9BB0F /* main.m */ = {isa = PBXFileReference; lastKnownFileType = sourcecode.c.objc; path = main.m; sourceTree = "<group>"; };
		2AB5ADA21CEFF97400E9BB0F /* AppDelegate.h */ = {isa = PBXFileReference; lastKnownFileType = sourcecode.c.h; path = AppDelegate.h; sourceTree = "<group>"; };
		2AB5ADA31CEFF97400E9BB0F /* AppDelegate.m */ = {isa = PBXFileReference; lastKnownFileType = sourcecode.c.objc; path = AppDelegate.m; sourceTree = "<group>"; };
		2AB5ADA51CEFF97400E9BB0F /* ViewController.h */ = {isa = PBXFileReference; lastKnownFileType = sourcecode.c.h; path = ViewController.h; sourceTree = "<group>"; };
		2AB5ADA61CEFF97400E9BB0F /* ViewController.m */ = {isa = PBXFileReference; lastKnownFileType = sourcecode.c.objc; path = ViewController.m; sourceTree = "<group>"; };
		2AB5ADA91CEFF97400E9BB0F /* Base */ = {isa = PBXFileReference; lastKnownFileType = file.storyboard; name = Base; path = Base.lproj/Main.storyboard; sourceTree = "<group>"; };
		2AB5ADAB1CEFF97400E9BB0F /* Assets.xcassets */ = {isa = PBXFileReference; lastKnownFileType = folder.assetcatalog; path = Assets.xcassets; sourceTree = "<group>"; };
		2AB5ADAE1CEFF97400E9BB0F /* Base */ = {isa = PBXFileReference; lastKnownFileType = file.storyboard; name = Base; path = Base.lproj/LaunchScreen.storyboard; sourceTree = "<group>"; };
		2AB5ADB01CEFF97400E9BB0F /* Info.plist */ = {isa = PBXFileReference; lastKnownFileType = text.plist.xml; path = Info.plist; sourceTree = "<group>"; };
		2AB5ADB51CEFF97400E9BB0F /* Neighborhood Mapper ObjCTests.xctest */ = {isa = PBXFileReference; explicitFileType = wrapper.cfbundle; includeInIndex = 0; path = "Neighborhood Mapper ObjCTests.xctest"; sourceTree = BUILT_PRODUCTS_DIR; };
		2AB5ADB91CEFF97400E9BB0F /* Neighborhood_Mapper_ObjCTests.m */ = {isa = PBXFileReference; lastKnownFileType = sourcecode.c.objc; path = Neighborhood_Mapper_ObjCTests.m; sourceTree = "<group>"; };
		2AB5ADBB1CEFF97400E9BB0F /* Info.plist */ = {isa = PBXFileReference; lastKnownFileType = text.plist.xml; path = Info.plist; sourceTree = "<group>"; };
		2AB5ADC01CEFF97400E9BB0F /* Neighborhood Mapper ObjCUITests.xctest */ = {isa = PBXFileReference; explicitFileType = wrapper.cfbundle; includeInIndex = 0; path = "Neighborhood Mapper ObjCUITests.xctest"; sourceTree = BUILT_PRODUCTS_DIR; };
		2AB5ADC41CEFF97400E9BB0F /* Neighborhood_Mapper_ObjCUITests.m */ = {isa = PBXFileReference; lastKnownFileType = sourcecode.c.objc; path = Neighborhood_Mapper_ObjCUITests.m; sourceTree = "<group>"; };
		2AB5ADC61CEFF97400E9BB0F /* Info.plist */ = {isa = PBXFileReference; lastKnownFileType = text.plist.xml; path = Info.plist; sourceTree = "<group>"; };
		2AB5ADD21CEFF9AA00E9BB0F /* LocationManager.h */ = {isa = PBXFileReference; fileEncoding = 4; lastKnownFileType = sourcecode.c.h; path = LocationManager.h; sourceTree = "<group>"; };
		2AB5ADD31CEFF9AA00E9BB0F /* LocationManager.m */ = {isa = PBXFileReference; fileEncoding = 4; lastKnownFileType = sourcecode.c.objc; path = LocationManager.m; sourceTree = "<group>"; };
		2AB5ADD51CEFF9E700E9BB0F /* CoreLocation.framework */ = {isa = PBXFileReference; lastKnownFileType = wrapper.framework; name = CoreLocation.framework; path = System/Library/Frameworks/CoreLocation.framework; sourceTree = SDKROOT; };
		2AB5ADD71CF014BD00E9BB0F /* SurveyViewController.h */ = {isa = PBXFileReference; fileEncoding = 4; lastKnownFileType = sourcecode.c.h; path = SurveyViewController.h; sourceTree = "<group>"; };
		2AB5ADD81CF014BD00E9BB0F /* SurveyViewController.m */ = {isa = PBXFileReference; fileEncoding = 4; lastKnownFileType = sourcecode.c.objc; path = SurveyViewController.m; sourceTree = "<group>"; };
		2AB5ADD91CF014BD00E9BB0F /* SurveyViewController.xib */ = {isa = PBXFileReference; fileEncoding = 4; lastKnownFileType = file.xib; path = SurveyViewController.xib; sourceTree = "<group>"; };
		2ABFE4811CFA291000B42CD6 /* DebugConsoleViewController.h */ = {isa = PBXFileReference; fileEncoding = 4; lastKnownFileType = sourcecode.c.h; path = DebugConsoleViewController.h; sourceTree = "<group>"; };
		2ABFE4821CFA291000B42CD6 /* DebugConsoleViewController.m */ = {isa = PBXFileReference; fileEncoding = 4; lastKnownFileType = sourcecode.c.objc; path = DebugConsoleViewController.m; sourceTree = "<group>"; };
		2ABFE4831CFA291000B42CD6 /* DebugConsoleViewController.xib */ = {isa = PBXFileReference; fileEncoding = 4; lastKnownFileType = file.xib; path = DebugConsoleViewController.xib; sourceTree = "<group>"; };
		2AEA40471CF278030059F7DB /* PingSurveyViewController.h */ = {isa = PBXFileReference; fileEncoding = 4; lastKnownFileType = sourcecode.c.h; path = PingSurveyViewController.h; sourceTree = "<group>"; };
		2AEA40481CF278030059F7DB /* PingSurveyViewController.m */ = {isa = PBXFileReference; fileEncoding = 4; lastKnownFileType = sourcecode.c.objc; path = PingSurveyViewController.m; sourceTree = "<group>"; };
		2AEA40491CF278030059F7DB /* PingSurveyViewController.xib */ = {isa = PBXFileReference; fileEncoding = 4; lastKnownFileType = file.xib; path = PingSurveyViewController.xib; sourceTree = "<group>"; };
/* End PBXFileReference section */

/* Begin PBXFrameworksBuildPhase section */
		2AB5AD991CEFF97400E9BB0F /* Frameworks */ = {
			isa = PBXFrameworksBuildPhase;
			buildActionMask = 2147483647;
			files = (
				2AB5ADD61CEFF9E700E9BB0F /* CoreLocation.framework in Frameworks */,
			);
			runOnlyForDeploymentPostprocessing = 0;
		};
		2AB5ADB21CEFF97400E9BB0F /* Frameworks */ = {
			isa = PBXFrameworksBuildPhase;
			buildActionMask = 2147483647;
			files = (
			);
			runOnlyForDeploymentPostprocessing = 0;
		};
		2AB5ADBD1CEFF97400E9BB0F /* Frameworks */ = {
			isa = PBXFrameworksBuildPhase;
			buildActionMask = 2147483647;
			files = (
			);
			runOnlyForDeploymentPostprocessing = 0;
		};
/* End PBXFrameworksBuildPhase section */

/* Begin PBXGroup section */
		2AB5AD931CEFF97400E9BB0F = {
			isa = PBXGroup;
			children = (
				2AB5AD9E1CEFF97400E9BB0F /* Neighborhood Mapper ObjC */,
				2AB5ADB81CEFF97400E9BB0F /* Neighborhood Mapper ObjCTests */,
				2AB5ADC31CEFF97400E9BB0F /* Neighborhood Mapper ObjCUITests */,
				2AB5AD9D1CEFF97400E9BB0F /* Products */,
				2AB5ADD51CEFF9E700E9BB0F /* CoreLocation.framework */,
			);
			sourceTree = "<group>";
		};
		2AB5AD9D1CEFF97400E9BB0F /* Products */ = {
			isa = PBXGroup;
			children = (
				2AB5AD9C1CEFF97400E9BB0F /* Neighborhood Mapper ObjC.app */,
				2AB5ADB51CEFF97400E9BB0F /* Neighborhood Mapper ObjCTests.xctest */,
				2AB5ADC01CEFF97400E9BB0F /* Neighborhood Mapper ObjCUITests.xctest */,
			);
			name = Products;
			sourceTree = "<group>";
		};
		2AB5AD9E1CEFF97400E9BB0F /* Neighborhood Mapper ObjC */ = {
			isa = PBXGroup;
			children = (
				2A3CC6A01CF3A0C500877215 /* Constants.h */,
				2A9812961CF65279005CB91C /* arrow.png */,
				2AB5ADA21CEFF97400E9BB0F /* AppDelegate.h */,
				2AB5ADA31CEFF97400E9BB0F /* AppDelegate.m */,
				2AB5ADD21CEFF9AA00E9BB0F /* LocationManager.h */,
				2AB5ADD31CEFF9AA00E9BB0F /* LocationManager.m */,
				2AB5ADA51CEFF97400E9BB0F /* ViewController.h */,
				2AB5ADA61CEFF97400E9BB0F /* ViewController.m */,
				2A3CC6AE1CF4AF0E00877215 /* ButtonCell.h */,
				2A3CC6AF1CF4AF0E00877215 /* ButtonCell.m */,
				2A3CC6B01CF4AF0E00877215 /* ButtonCell.xib */,
				2A9812981CF65E61005CB91C /* ProtocolHeader.h */,
				2AB5ADD71CF014BD00E9BB0F /* SurveyViewController.h */,
				2AB5ADD81CF014BD00E9BB0F /* SurveyViewController.m */,
				2AB5ADD91CF014BD00E9BB0F /* SurveyViewController.xib */,
				2AEA40471CF278030059F7DB /* PingSurveyViewController.h */,
				2AEA40481CF278030059F7DB /* PingSurveyViewController.m */,
				2AEA40491CF278030059F7DB /* PingSurveyViewController.xib */,
				2AB5ADA81CEFF97400E9BB0F /* Main.storyboard */,
				2ABFE4811CFA291000B42CD6 /* DebugConsoleViewController.h */,
				2ABFE4821CFA291000B42CD6 /* DebugConsoleViewController.m */,
				2ABFE4831CFA291000B42CD6 /* DebugConsoleViewController.xib */,
				2AB5ADAB1CEFF97400E9BB0F /* Assets.xcassets */,
				2AB5ADAD1CEFF97400E9BB0F /* LaunchScreen.storyboard */,
				2AB5ADB01CEFF97400E9BB0F /* Info.plist */,
				2A3CC6A71CF3A2E000877215 /* LinkedList.h */,
				2A3CC6A81CF3A2E000877215 /* LinkedList.m */,
				2A3CC6A91CF3A2E000877215 /* LinkedListNode.h */,
				2A3CC6AA1CF3A2E000877215 /* LinkedListNode.m */,
				2A3CC6AB1CF3A2E000877215 /* SettableNodePointer.h */,
				2AB5AD9F1CEFF97400E9BB0F /* Supporting Files */,
			);
			path = "Neighborhood Mapper ObjC";
			sourceTree = "<group>";
		};
		2AB5AD9F1CEFF97400E9BB0F /* Supporting Files */ = {
			isa = PBXGroup;
			children = (
				2AB5ADA01CEFF97400E9BB0F /* main.m */,
			);
			name = "Supporting Files";
			sourceTree = "<group>";
		};
		2AB5ADB81CEFF97400E9BB0F /* Neighborhood Mapper ObjCTests */ = {
			isa = PBXGroup;
			children = (
				2AB5ADB91CEFF97400E9BB0F /* Neighborhood_Mapper_ObjCTests.m */,
				2AB5ADBB1CEFF97400E9BB0F /* Info.plist */,
			);
			path = "Neighborhood Mapper ObjCTests";
			sourceTree = "<group>";
		};
		2AB5ADC31CEFF97400E9BB0F /* Neighborhood Mapper ObjCUITests */ = {
			isa = PBXGroup;
			children = (
				2AB5ADC41CEFF97400E9BB0F /* Neighborhood_Mapper_ObjCUITests.m */,
				2AB5ADC61CEFF97400E9BB0F /* Info.plist */,
			);
			path = "Neighborhood Mapper ObjCUITests";
			sourceTree = "<group>";
		};
/* End PBXGroup section */

/* Begin PBXNativeTarget section */
		2AB5AD9B1CEFF97400E9BB0F /* Neighborhood Mapper ObjC */ = {
			isa = PBXNativeTarget;
			buildConfigurationList = 2AB5ADC91CEFF97400E9BB0F /* Build configuration list for PBXNativeTarget "Neighborhood Mapper ObjC" */;
			buildPhases = (
				2AB5AD981CEFF97400E9BB0F /* Sources */,
				2AB5AD991CEFF97400E9BB0F /* Frameworks */,
				2AB5AD9A1CEFF97400E9BB0F /* Resources */,
			);
			buildRules = (
			);
			dependencies = (
			);
			name = "Neighborhood Mapper ObjC";
			productName = "Neighborhood Mapper ObjC";
			productReference = 2AB5AD9C1CEFF97400E9BB0F /* Neighborhood Mapper ObjC.app */;
			productType = "com.apple.product-type.application";
		};
		2AB5ADB41CEFF97400E9BB0F /* Neighborhood Mapper ObjCTests */ = {
			isa = PBXNativeTarget;
			buildConfigurationList = 2AB5ADCC1CEFF97400E9BB0F /* Build configuration list for PBXNativeTarget "Neighborhood Mapper ObjCTests" */;
			buildPhases = (
				2AB5ADB11CEFF97400E9BB0F /* Sources */,
				2AB5ADB21CEFF97400E9BB0F /* Frameworks */,
				2AB5ADB31CEFF97400E9BB0F /* Resources */,
			);
			buildRules = (
			);
			dependencies = (
				2AB5ADB71CEFF97400E9BB0F /* PBXTargetDependency */,
			);
			name = "Neighborhood Mapper ObjCTests";
			productName = "Neighborhood Mapper ObjCTests";
			productReference = 2AB5ADB51CEFF97400E9BB0F /* Neighborhood Mapper ObjCTests.xctest */;
			productType = "com.apple.product-type.bundle.unit-test";
		};
		2AB5ADBF1CEFF97400E9BB0F /* Neighborhood Mapper ObjCUITests */ = {
			isa = PBXNativeTarget;
			buildConfigurationList = 2AB5ADCF1CEFF97400E9BB0F /* Build configuration list for PBXNativeTarget "Neighborhood Mapper ObjCUITests" */;
			buildPhases = (
				2AB5ADBC1CEFF97400E9BB0F /* Sources */,
				2AB5ADBD1CEFF97400E9BB0F /* Frameworks */,
				2AB5ADBE1CEFF97400E9BB0F /* Resources */,
			);
			buildRules = (
			);
			dependencies = (
				2AB5ADC21CEFF97400E9BB0F /* PBXTargetDependency */,
			);
			name = "Neighborhood Mapper ObjCUITests";
			productName = "Neighborhood Mapper ObjCUITests";
			productReference = 2AB5ADC01CEFF97400E9BB0F /* Neighborhood Mapper ObjCUITests.xctest */;
			productType = "com.apple.product-type.bundle.ui-testing";
		};
/* End PBXNativeTarget section */

/* Begin PBXProject section */
		2AB5AD941CEFF97400E9BB0F /* Project object */ = {
			isa = PBXProject;
			attributes = {
				LastUpgradeCheck = 0730;
				ORGANIZATIONNAME = "John Nimis";
				TargetAttributes = {
					2AB5AD9B1CEFF97400E9BB0F = {
						CreatedOnToolsVersion = 7.3.1;
						DevelopmentTeam = BCT7A24CX6;
						SystemCapabilities = {
							com.apple.BackgroundModes = {
								enabled = 1;
							};
						};
					};
					2AB5ADB41CEFF97400E9BB0F = {
						CreatedOnToolsVersion = 7.3.1;
						TestTargetID = 2AB5AD9B1CEFF97400E9BB0F;
					};
					2AB5ADBF1CEFF97400E9BB0F = {
						CreatedOnToolsVersion = 7.3.1;
						TestTargetID = 2AB5AD9B1CEFF97400E9BB0F;
					};
				};
			};
			buildConfigurationList = 2AB5AD971CEFF97400E9BB0F /* Build configuration list for PBXProject "Neighborhood Mapper ObjC" */;
			compatibilityVersion = "Xcode 3.2";
			developmentRegion = English;
			hasScannedForEncodings = 0;
			knownRegions = (
				en,
				Base,
			);
			mainGroup = 2AB5AD931CEFF97400E9BB0F;
			productRefGroup = 2AB5AD9D1CEFF97400E9BB0F /* Products */;
			projectDirPath = "";
			projectRoot = "";
			targets = (
				2AB5AD9B1CEFF97400E9BB0F /* Neighborhood Mapper ObjC */,
				2AB5ADB41CEFF97400E9BB0F /* Neighborhood Mapper ObjCTests */,
				2AB5ADBF1CEFF97400E9BB0F /* Neighborhood Mapper ObjCUITests */,
			);
		};
/* End PBXProject section */

/* Begin PBXResourcesBuildPhase section */
		2AB5AD9A1CEFF97400E9BB0F /* Resources */ = {
			isa = PBXResourcesBuildPhase;
			buildActionMask = 2147483647;
			files = (
				2ABFE4851CFA291000B42CD6 /* DebugConsoleViewController.xib in Resources */,
				2AB5ADAF1CEFF97400E9BB0F /* LaunchScreen.storyboard in Resources */,
				2AB5ADAC1CEFF97400E9BB0F /* Assets.xcassets in Resources */,
				2AEA404B1CF278030059F7DB /* PingSurveyViewController.xib in Resources */,
				2A3CC6B21CF4AF0E00877215 /* ButtonCell.xib in Resources */,
				2AB5ADDB1CF014BD00E9BB0F /* SurveyViewController.xib in Resources */,
				2AB5ADAA1CEFF97400E9BB0F /* Main.storyboard in Resources */,
				2A9812971CF65279005CB91C /* arrow.png in Resources */,
			);
			runOnlyForDeploymentPostprocessing = 0;
		};
		2AB5ADB31CEFF97400E9BB0F /* Resources */ = {
			isa = PBXResourcesBuildPhase;
			buildActionMask = 2147483647;
			files = (
			);
			runOnlyForDeploymentPostprocessing = 0;
		};
		2AB5ADBE1CEFF97400E9BB0F /* Resources */ = {
			isa = PBXResourcesBuildPhase;
			buildActionMask = 2147483647;
			files = (
			);
			runOnlyForDeploymentPostprocessing = 0;
		};
/* End PBXResourcesBuildPhase section */

/* Begin PBXSourcesBuildPhase section */
		2AB5AD981CEFF97400E9BB0F /* Sources */ = {
			isa = PBXSourcesBuildPhase;
			buildActionMask = 2147483647;
			files = (
				2ABFE4841CFA291000B42CD6 /* DebugConsoleViewController.m in Sources */,
				2AEA404A1CF278030059F7DB /* PingSurveyViewController.m in Sources */,
				2A3CC6B11CF4AF0E00877215 /* ButtonCell.m in Sources */,
				2A3CC6AC1CF3A2E000877215 /* LinkedList.m in Sources */,
				2AB5ADD41CEFF9AA00E9BB0F /* LocationManager.m in Sources */,
				2AB5ADA71CEFF97400E9BB0F /* ViewController.m in Sources */,
				2A3CC6AD1CF3A2E000877215 /* LinkedListNode.m in Sources */,
				2AB5ADA41CEFF97400E9BB0F /* AppDelegate.m in Sources */,
				2AB5ADA11CEFF97400E9BB0F /* main.m in Sources */,
				2AB5ADDA1CF014BD00E9BB0F /* SurveyViewController.m in Sources */,
			);
			runOnlyForDeploymentPostprocessing = 0;
		};
		2AB5ADB11CEFF97400E9BB0F /* Sources */ = {
			isa = PBXSourcesBuildPhase;
			buildActionMask = 2147483647;
			files = (
				2AB5ADBA1CEFF97400E9BB0F /* Neighborhood_Mapper_ObjCTests.m in Sources */,
			);
			runOnlyForDeploymentPostprocessing = 0;
		};
		2AB5ADBC1CEFF97400E9BB0F /* Sources */ = {
			isa = PBXSourcesBuildPhase;
			buildActionMask = 2147483647;
			files = (
				2AB5ADC51CEFF97400E9BB0F /* Neighborhood_Mapper_ObjCUITests.m in Sources */,
			);
			runOnlyForDeploymentPostprocessing = 0;
		};
/* End PBXSourcesBuildPhase section */

/* Begin PBXTargetDependency section */
		2AB5ADB71CEFF97400E9BB0F /* PBXTargetDependency */ = {
			isa = PBXTargetDependency;
			target = 2AB5AD9B1CEFF97400E9BB0F /* Neighborhood Mapper ObjC */;
			targetProxy = 2AB5ADB61CEFF97400E9BB0F /* PBXContainerItemProxy */;
		};
		2AB5ADC21CEFF97400E9BB0F /* PBXTargetDependency */ = {
			isa = PBXTargetDependency;
			target = 2AB5AD9B1CEFF97400E9BB0F /* Neighborhood Mapper ObjC */;
			targetProxy = 2AB5ADC11CEFF97400E9BB0F /* PBXContainerItemProxy */;
		};
/* End PBXTargetDependency section */

/* Begin PBXVariantGroup section */
		2AB5ADA81CEFF97400E9BB0F /* Main.storyboard */ = {
			isa = PBXVariantGroup;
			children = (
				2AB5ADA91CEFF97400E9BB0F /* Base */,
			);
			name = Main.storyboard;
			sourceTree = "<group>";
		};
		2AB5ADAD1CEFF97400E9BB0F /* LaunchScreen.storyboard */ = {
			isa = PBXVariantGroup;
			children = (
				2AB5ADAE1CEFF97400E9BB0F /* Base */,
			);
			name = LaunchScreen.storyboard;
			sourceTree = "<group>";
		};
/* End PBXVariantGroup section */

/* Begin XCBuildConfiguration section */
		2AB5ADC71CEFF97400E9BB0F /* Debug */ = {
			isa = XCBuildConfiguration;
			buildSettings = {
				ALWAYS_SEARCH_USER_PATHS = NO;
				CLANG_ANALYZER_NONNULL = YES;
				CLANG_CXX_LANGUAGE_STANDARD = "gnu++0x";
				CLANG_CXX_LIBRARY = "libc++";
				CLANG_ENABLE_MODULES = YES;
				CLANG_ENABLE_OBJC_ARC = YES;
				CLANG_WARN_BOOL_CONVERSION = YES;
				CLANG_WARN_CONSTANT_CONVERSION = YES;
				CLANG_WARN_DIRECT_OBJC_ISA_USAGE = YES_ERROR;
				CLANG_WARN_EMPTY_BODY = YES;
				CLANG_WARN_ENUM_CONVERSION = YES;
				CLANG_WARN_INT_CONVERSION = YES;
				CLANG_WARN_OBJC_ROOT_CLASS = YES_ERROR;
				CLANG_WARN_UNREACHABLE_CODE = YES;
				CLANG_WARN__DUPLICATE_METHOD_MATCH = YES;
				"CODE_SIGN_IDENTITY[sdk=iphoneos*]" = "iPhone Developer";
				COPY_PHASE_STRIP = NO;
				DEBUG_INFORMATION_FORMAT = dwarf;
				ENABLE_STRICT_OBJC_MSGSEND = YES;
				ENABLE_TESTABILITY = YES;
				GCC_C_LANGUAGE_STANDARD = gnu99;
				GCC_DYNAMIC_NO_PIC = NO;
				GCC_NO_COMMON_BLOCKS = YES;
				GCC_OPTIMIZATION_LEVEL = 0;
				GCC_PREPROCESSOR_DEFINITIONS = (
					"DEBUG=1",
					"$(inherited)",
				);
				GCC_WARN_64_TO_32_BIT_CONVERSION = YES;
				GCC_WARN_ABOUT_RETURN_TYPE = YES_ERROR;
				GCC_WARN_UNDECLARED_SELECTOR = YES;
				GCC_WARN_UNINITIALIZED_AUTOS = YES_AGGRESSIVE;
				GCC_WARN_UNUSED_FUNCTION = YES;
				GCC_WARN_UNUSED_VARIABLE = YES;
				IPHONEOS_DEPLOYMENT_TARGET = 9.3;
				MTL_ENABLE_DEBUG_INFO = YES;
				ONLY_ACTIVE_ARCH = YES;
				SDKROOT = iphoneos;
			};
			name = Debug;
		};
		2AB5ADC81CEFF97400E9BB0F /* Release */ = {
			isa = XCBuildConfiguration;
			buildSettings = {
				ALWAYS_SEARCH_USER_PATHS = NO;
				CLANG_ANALYZER_NONNULL = YES;
				CLANG_CXX_LANGUAGE_STANDARD = "gnu++0x";
				CLANG_CXX_LIBRARY = "libc++";
				CLANG_ENABLE_MODULES = YES;
				CLANG_ENABLE_OBJC_ARC = YES;
				CLANG_WARN_BOOL_CONVERSION = YES;
				CLANG_WARN_CONSTANT_CONVERSION = YES;
				CLANG_WARN_DIRECT_OBJC_ISA_USAGE = YES_ERROR;
				CLANG_WARN_EMPTY_BODY = YES;
				CLANG_WARN_ENUM_CONVERSION = YES;
				CLANG_WARN_INT_CONVERSION = YES;
				CLANG_WARN_OBJC_ROOT_CLASS = YES_ERROR;
				CLANG_WARN_UNREACHABLE_CODE = YES;
				CLANG_WARN__DUPLICATE_METHOD_MATCH = YES;
				"CODE_SIGN_IDENTITY[sdk=iphoneos*]" = "iPhone Developer";
				COPY_PHASE_STRIP = NO;
				DEBUG_INFORMATION_FORMAT = "dwarf-with-dsym";
				ENABLE_NS_ASSERTIONS = NO;
				ENABLE_STRICT_OBJC_MSGSEND = YES;
				GCC_C_LANGUAGE_STANDARD = gnu99;
				GCC_NO_COMMON_BLOCKS = YES;
				GCC_WARN_64_TO_32_BIT_CONVERSION = YES;
				GCC_WARN_ABOUT_RETURN_TYPE = YES_ERROR;
				GCC_WARN_UNDECLARED_SELECTOR = YES;
				GCC_WARN_UNINITIALIZED_AUTOS = YES_AGGRESSIVE;
				GCC_WARN_UNUSED_FUNCTION = YES;
				GCC_WARN_UNUSED_VARIABLE = YES;
				IPHONEOS_DEPLOYMENT_TARGET = 9.3;
				MTL_ENABLE_DEBUG_INFO = NO;
				SDKROOT = iphoneos;
				VALIDATE_PRODUCT = YES;
			};
			name = Release;
		};
		2AB5ADCA1CEFF97400E9BB0F /* Debug */ = {
			isa = XCBuildConfiguration;
			buildSettings = {
				ASSETCATALOG_COMPILER_APPICON_NAME = AppIcon;
				CODE_SIGN_IDENTITY = "iPhone Developer";
				"CODE_SIGN_IDENTITY[sdk=iphoneos*]" = "iPhone Developer";
				INFOPLIST_FILE = "Neighborhood Mapper ObjC/Info.plist";
				LD_RUNPATH_SEARCH_PATHS = "$(inherited) @executable_path/Frameworks";
				PRODUCT_BUNDLE_IDENTIFIER = com.campercollective.neighborhoodmapper;
				PRODUCT_NAME = "$(TARGET_NAME)";
				PROVISIONING_PROFILE = "55fafe5e-17df-48d4-8b6a-6464425da5d9";
			};
			name = Debug;
		};
		2AB5ADCB1CEFF97400E9BB0F /* Release */ = {
			isa = XCBuildConfiguration;
			buildSettings = {
				ASSETCATALOG_COMPILER_APPICON_NAME = AppIcon;
				CODE_SIGN_IDENTITY = "iPhone Developer";
				"CODE_SIGN_IDENTITY[sdk=iphoneos*]" = "iPhone Developer";
				INFOPLIST_FILE = "Neighborhood Mapper ObjC/Info.plist";
				LD_RUNPATH_SEARCH_PATHS = "$(inherited) @executable_path/Frameworks";
				PRODUCT_BUNDLE_IDENTIFIER = com.campercollective.neighborhoodmapper;
				PRODUCT_NAME = "$(TARGET_NAME)";
				PROVISIONING_PROFILE = "18be1aac-2da9-419f-8336-d2db945925f2";
			};
			name = Release;
		};
		2AB5ADCD1CEFF97400E9BB0F /* Debug */ = {
			isa = XCBuildConfiguration;
			buildSettings = {
				BUNDLE_LOADER = "$(TEST_HOST)";
				INFOPLIST_FILE = "Neighborhood Mapper ObjCTests/Info.plist";
				LD_RUNPATH_SEARCH_PATHS = "$(inherited) @executable_path/Frameworks @loader_path/Frameworks";
				PRODUCT_BUNDLE_IDENTIFIER = "com.campercollective.Neighborhood-Mapper-ObjCTests";
				PRODUCT_NAME = "$(TARGET_NAME)";
				TEST_HOST = "$(BUILT_PRODUCTS_DIR)/Neighborhood Mapper ObjC.app/Neighborhood Mapper ObjC";
			};
			name = Debug;
		};
		2AB5ADCE1CEFF97400E9BB0F /* Release */ = {
			isa = XCBuildConfiguration;
			buildSettings = {
				BUNDLE_LOADER = "$(TEST_HOST)";
				INFOPLIST_FILE = "Neighborhood Mapper ObjCTests/Info.plist";
				LD_RUNPATH_SEARCH_PATHS = "$(inherited) @executable_path/Frameworks @loader_path/Frameworks";
				PRODUCT_BUNDLE_IDENTIFIER = "com.campercollective.Neighborhood-Mapper-ObjCTests";
				PRODUCT_NAME = "$(TARGET_NAME)";
				TEST_HOST = "$(BUILT_PRODUCTS_DIR)/Neighborhood Mapper ObjC.app/Neighborhood Mapper ObjC";
			};
			name = Release;
		};
		2AB5ADD01CEFF97400E9BB0F /* Debug */ = {
			isa = XCBuildConfiguration;
			buildSettings = {
				INFOPLIST_FILE = "Neighborhood Mapper ObjCUITests/Info.plist";
				LD_RUNPATH_SEARCH_PATHS = "$(inherited) @executable_path/Frameworks @loader_path/Frameworks";
				PRODUCT_BUNDLE_IDENTIFIER = "com.campercollective.Neighborhood-Mapper-ObjCUITests";
				PRODUCT_NAME = "$(TARGET_NAME)";
				TEST_TARGET_NAME = "Neighborhood Mapper ObjC";
			};
			name = Debug;
		};
		2AB5ADD11CEFF97400E9BB0F /* Release */ = {
			isa = XCBuildConfiguration;
			buildSettings = {
				INFOPLIST_FILE = "Neighborhood Mapper ObjCUITests/Info.plist";
				LD_RUNPATH_SEARCH_PATHS = "$(inherited) @executable_path/Frameworks @loader_path/Frameworks";
				PRODUCT_BUNDLE_IDENTIFIER = "com.campercollective.Neighborhood-Mapper-ObjCUITests";
				PRODUCT_NAME = "$(TARGET_NAME)";
				TEST_TARGET_NAME = "Neighborhood Mapper ObjC";
			};
			name = Release;
		};
/* End XCBuildConfiguration section */

/* Begin XCConfigurationList section */
		2AB5AD971CEFF97400E9BB0F /* Build configuration list for PBXProject "Neighborhood Mapper ObjC" */ = {
			isa = XCConfigurationList;
			buildConfigurations = (
				2AB5ADC71CEFF97400E9BB0F /* Debug */,
				2AB5ADC81CEFF97400E9BB0F /* Release */,
			);
			defaultConfigurationIsVisible = 0;
			defaultConfigurationName = Release;
		};
		2AB5ADC91CEFF97400E9BB0F /* Build configuration list for PBXNativeTarget "Neighborhood Mapper ObjC" */ = {
			isa = XCConfigurationList;
			buildConfigurations = (
				2AB5ADCA1CEFF97400E9BB0F /* Debug */,
				2AB5ADCB1CEFF97400E9BB0F /* Release */,
			);
			defaultConfigurationIsVisible = 0;
			defaultConfigurationName = Release;
		};
		2AB5ADCC1CEFF97400E9BB0F /* Build configuration list for PBXNativeTarget "Neighborhood Mapper ObjCTests" */ = {
			isa = XCConfigurationList;
			buildConfigurations = (
				2AB5ADCD1CEFF97400E9BB0F /* Debug */,
				2AB5ADCE1CEFF97400E9BB0F /* Release */,
			);
			defaultConfigurationIsVisible = 0;
			defaultConfigurationName = Release;
		};
		2AB5ADCF1CEFF97400E9BB0F /* Build configuration list for PBXNativeTarget "Neighborhood Mapper ObjCUITests" */ = {
			isa = XCConfigurationList;
			buildConfigurations = (
				2AB5ADD01CEFF97400E9BB0F /* Debug */,
				2AB5ADD11CEFF97400E9BB0F /* Release */,
			);
			defaultConfigurationIsVisible = 0;
			defaultConfigurationName = Release;
		};
/* End XCConfigurationList section */
	};
	rootObject = 2AB5AD941CEFF97400E9BB0F /* Project object */;
}
